
Microsoft Visual Studio Solution File, Format Version 12.00
# Visual Studio Version 16
VisualStudioVersion = 16.0.29409.12
MinimumVisualStudioVersion = 10.0.40219.1
Project("{8BC9CEB8-8B4A-11D0-8D11-00A0C91BC942}") = "SampleEmpty", "src\SampleEmpty\SampleEmpty.vcxproj", "{CFFECF41-EE05-4472-BB32-F851EBFF8789}"
EndProject
Project("{2150E333-8FDC-42A3-9474-1A3956D46DE8}") = "Solution Items", "Solution Items", "{03956629-A359-49F7-A2F6-FA2DE53254AF}"
	ProjectSection(SolutionItems) = preProject
		README.md = README.md
	EndProjectSection
EndProject
Project("{8BC9CEB8-8B4A-11D0-8D11-00A0C91BC942}") = "SampleNewObject", "src\SampleNewObject\SampleNewObject.vcxproj", "{9AF2771F-92A2-4453-A2B8-7A504D5A6F93}"
EndProject
Global
	GlobalSection(SolutionConfigurationPlatforms) = preSolution
		Debug|x64 = Debug|x64
		Debug|x86 = Debug|x86
		Release|x64 = Release|x64
		Release|x86 = Release|x86
	EndGlobalSection
	GlobalSection(ProjectConfigurationPlatforms) = postSolution
		{CFFECF41-EE05-4472-BB32-F851EBFF8789}.Debug|x64.ActiveCfg = Debug|x64
		{CFFECF41-EE05-4472-BB32-F851EBFF8789}.Debug|x64.Build.0 = Debug|x64
		{CFFECF41-EE05-4472-BB32-F851EBFF8789}.Debug|x86.ActiveCfg = Debug|Win32
		{CFFECF41-EE05-4472-BB32-F851EBFF8789}.Debug|x86.Build.0 = Debug|Win32
		{CFFECF41-EE05-4472-BB32-F851EBFF8789}.Release|x64.ActiveCfg = Release|x64
		{CFFECF41-EE05-4472-BB32-F851EBFF8789}.Release|x64.Build.0 = Release|x64
		{CFFECF41-EE05-4472-BB32-F851EBFF8789}.Release|x86.ActiveCfg = Release|Win32
		{CFFECF41-EE05-4472-BB32-F851EBFF8789}.Release|x86.Build.0 = Release|Win32
		{9AF2771F-92A2-4453-A2B8-7A504D5A6F93}.Debug|x64.ActiveCfg = Debug|x64
		{9AF2771F-92A2-4453-A2B8-7A504D5A6F93}.Debug|x64.Build.0 = Debug|x64
		{9AF2771F-92A2-4453-A2B8-7A504D5A6F93}.Debug|x86.ActiveCfg = Debug|Win32
		{9AF2771F-92A2-4453-A2B8-7A504D5A6F93}.Debug|x86.Build.0 = Debug|Win32
		{9AF2771F-92A2-4453-A2B8-7A504D5A6F93}.Release|x64.ActiveCfg = Release|x64
		{9AF2771F-92A2-4453-A2B8-7A504D5A6F93}.Release|x64.Build.0 = Release|x64
		{9AF2771F-92A2-4453-A2B8-7A504D5A6F93}.Release|x86.ActiveCfg = Release|Win32
		{9AF2771F-92A2-4453-A2B8-7A504D5A6F93}.Release|x86.Build.0 = Release|Win32
	EndGlobalSection
	GlobalSection(SolutionProperties) = preSolution
		HideSolutionNode = FALSE
	EndGlobalSection
	GlobalSection(ExtensibilityGlobals) = postSolution
		SolutionGuid = {F7689CA3-3987-49CE-AAED-853DAEEF3F92}
	EndGlobalSection
EndGlobal
